{
  "nodes": {
    "flake-utils": {
      "inputs": {
        "systems": "systems"
      },
      "locked": {
        "lastModified": 1731533236,
        "narHash": "sha256-l0KFg5HjrsfsO/JpG+r7fRrqm12kzFHyUHqHCVpMMbI=",
        "owner": "numtide",
        "repo": "flake-utils",
        "rev": "11707dc2f618dd54ca8739b309ec4fc024de578b",
        "type": "github"
      },
      "original": {
        "owner": "numtide",
        "repo": "flake-utils",
        "type": "github"
      }
    },
    "illustris-lib": {
      "flake": false,
      "locked": {
        "lastModified": 1776745154,
        "narHash": "sha256-QwFkebIYvWYTkXNEJYV3NmehucrtUTtXHCuNEmlxMW0=",
        "owner": "illustris",
        "repo": "flake",
        "rev": "e744220420fe673c5c519ca71ede06f53ae3bebd",
        "type": "github"
      },
      "original": {
        "owner": "illustris",
        "repo": "flake",
        "type": "github"
      }
    },
    "microvm": {
      "inputs": {
        "nixpkgs": [
          "nixpkgs"
        ],
        "spectrum": "spectrum"
      },
      "locked": {
        "lastModified": 1776340739,
        "narHash": "sha256-s4FDictJlPtY6Shd6scG5hgrDMiHth09+svtvTA5NLA=",
        "owner": "microvm-nix",
        "repo": "microvm.nix",
        "rev": "2f2f62fdfdca2750e3399f66bd03986ab967e5ca",
        "type": "github"
      },
      "original": {
        "owner": "microvm-nix",
        "repo": "microvm.nix",
        "type": "github"
      }
    },
    "nix-mcp": {
      "inputs": {
        "flake-utils": "flake-utils",
        "illustris-lib": [
          "illustris-lib"
        ],
        "nixpkgs": [
          "nixpkgs"
        ]
      },
      "locked": {
        "lastModified": 1776559523,
        "narHash": "sha256-1aHwOftYXW/Rh5Z2uSs3fsPFnaLRmu1z6K1+VxwtCq4=",
        "owner": "illustris",
        "repo": "nix-mcp",
        "rev": "aa9a5f151a9192a4dbd479ae0ca03641d6b33e01",
        "type": "github"
      },
      "original": {
        "owner": "illustris",
        "repo": "nix-mcp",
        "type": "github"
      }
    },
    "nixfs": {
      "inputs": {
        "nixpkgs": [
          "nixpkgs"
        ]
      },
      "locked": {
        "lastModified": 1775797235,
        "narHash": "sha256-jcYMhsbmFOMMP2Vhv0jb/u/iCBW6XT1L2LLUVUPx94o=",
        "owner": "illustris",
        "repo": "nixfs",
        "rev": "086e395c9e0e6b51e70a7c406a06e84e8a0805dd",
        "type": "github"
      },
      "original": {
        "owner": "illustris",
        "repo": "nixfs",
        "type": "github"
      }
    },
    "nixpkgs": {
      "locked": {
        "lastModified": 1776548001,
        "narHash": "sha256-ZSK0NL4a1BwVbbTBoSnWgbJy9HeZFXLYQizjb2DPF24=",
        "owner": "nixos",
        "repo": "nixpkgs",
        "rev": "b12141ef619e0a9c1c84dc8c684040326f27cdcc",
        "type": "github"
      },
      "original": {
        "owner": "nixos",
        "ref": "nixos-unstable",
        "repo": "nixpkgs",
        "type": "github"
      }
    },
    "nixpkgs-master": {
      "locked": {
        "lastModified": 1777648331,
        "narHash": "sha256-WrcdAlCiTuAO7MsyEyaL/ZDbCpuNpqnDfSSuWQXGxfg=",
        "owner": "nixos",
        "repo": "nixpkgs",
        "rev": "f606052f492c60ff3c417d2e3c88d0f5eb9b4839",
        "type": "github"
      },
      "original": {
        "owner": "nixos",
        "ref": "master",
        "repo": "nixpkgs",
        "type": "github"
      }
    },
    "root": {
      "inputs": {
        "illustris-lib": "illustris-lib",
        "microvm": "microvm",
        "nix-mcp": "nix-mcp",
        "nixfs": "nixfs",
        "nixpkgs": "nixpkgs",
        "nixpkgs-master": "nixpkgs-master",
        "userExtensions": "userExtensions"
      }
    },
    "spectrum": {
      "flake": false,
      "locked": {
        "lastModified": 1772189877,
        "narHash": "sha256-i1p90Rgssb//aNiTDFq46ZG/fk3LmyRLChtp/9lddyA=",
        "ref": "refs/heads/main",
        "rev": "fe39e122d898f66e89ffa17d4f4209989ccb5358",
        "revCount": 1255,
        "type": "git",
        "url": "https://spectrum-os.org/git/spectrum"
      },
      "original": {
        "type": "git",
        "url": "https://spectrum-os.org/git/spectrum"
      }
    },
    "systems": {
      "locked": {
        "lastModified": 1681028828,
        "narHash": "sha256-Vy1rq5AaRuLzOxct8nz4T6wlgyUR7zLU309k9mBC768=",
        "owner": "nix-systems",
        "repo": "default",
        "rev": "da67096a3b9bf56a91d16901293e51ba5b49a27e",
        "type": "github"
      },
      "original": {
        "owner": "nix-systems",
        "repo": "default",
        "type": "github"
      }
    },
    "userExtensions": {
      "locked": {
        "path": "./userExtensions",
        "type": "path"
      },
      "original": {
        "path": "./userExtensions",
        "type": "path"
      },
      "parent": []
    }
  },
  "root": "root",
  "version": 7
}
